// !$*UTF8*$!
{
	archiveVersion = 1;
	classes = {
	};
	objectVersion = 46;
	objects = {

/* Begin PBXBuildFile section */
		A246E2C91C8FFDAC004491A7 /* AppDelegate.swift in Sources */ = {isa = PBXBuildFile; fileRef = A246E2C81C8FFDAC004491A7 /* AppDelegate.swift */; };
		A246E2CB1C8FFDAC004491A7 /* ViewController.swift in Sources */ = {isa = PBXBuildFile; fileRef = A246E2CA1C8FFDAC004491A7 /* ViewController.swift */; };
		A246E2CE1C8FFDAC004491A7 /* Main.storyboard in Resources */ = {isa = PBXBuildFile; fileRef = A246E2CC1C8FFDAC004491A7 /* Main.storyboard */; };
		A246E2D01C8FFDAC004491A7 /* Assets.xcassets in Resources */ = {isa = PBXBuildFile; fileRef = A246E2CF1C8FFDAC004491A7 /* Assets.xcassets */; };
		A246E2D31C8FFDAC004491A7 /* LaunchScreen.storyboard in Resources */ = {isa = PBXBuildFile; fileRef = A246E2D11C8FFDAC004491A7 /* LaunchScreen.storyboard */; };
		A246E2DE1C8FFDAC004491A7 /* WorkshopTDDTests.swift in Sources */ = {isa = PBXBuildFile; fileRef = A246E2DD1C8FFDAC004491A7 /* WorkshopTDDTests.swift */; };
		A246E2E91C8FFDAC004491A7 /* WorkshopTDDUITests.swift in Sources */ = {isa = PBXBuildFile; fileRef = A246E2E81C8FFDAC004491A7 /* WorkshopTDDUITests.swift */; };
		A246E2F71C8FFFAA004491A7 /* HelloWorld.swift in Sources */ = {isa = PBXBuildFile; fileRef = A246E2F61C8FFFAA004491A7 /* HelloWorld.swift */; };
		A246E2F91C9004F6004491A7 /* FizzBuzzTest.swift in Sources */ = {isa = PBXBuildFile; fileRef = A246E2F81C9004F6004491A7 /* FizzBuzzTest.swift */; };
		A246E2FB1C90066C004491A7 /* FizzBuzz.swift in Sources */ = {isa = PBXBuildFile; fileRef = A246E2FA1C90066C004491A7 /* FizzBuzz.swift */; };
		A246E2FC1C90066C004491A7 /* FizzBuzz.swift in Sources */ = {isa = PBXBuildFile; fileRef = A246E2FA1C90066C004491A7 /* FizzBuzz.swift */; };
		A246E2FD1C90066C004491A7 /* FizzBuzz.swift in Sources */ = {isa = PBXBuildFile; fileRef = A246E2FA1C90066C004491A7 /* FizzBuzz.swift */; };
		A26D05691C90244100D76563 /* CircularBufferTest.swift in Sources */ = {isa = PBXBuildFile; fileRef = A26D05681C90244100D76563 /* CircularBufferTest.swift */; };
		A26D056B1C90245B00D76563 /* CircularBuffer.swift in Sources */ = {isa = PBXBuildFile; fileRef = A26D056A1C90245B00D76563 /* CircularBuffer.swift */; };
		A26D056C1C90245B00D76563 /* CircularBuffer.swift in Sources */ = {isa = PBXBuildFile; fileRef = A26D056A1C90245B00D76563 /* CircularBuffer.swift */; };
		A26D056D1C90245B00D76563 /* CircularBuffer.swift in Sources */ = {isa = PBXBuildFile; fileRef = A26D056A1C90245B00D76563 /* CircularBuffer.swift */; };
/* End PBXBuildFile section */

/* Begin PBXContainerItemProxy section */
		A246E2DA1C8FFDAC004491A7 /* PBXContainerItemProxy */ = {
			isa = PBXContainerItemProxy;
			containerPortal = A246E2BD1C8FFDAC004491A7 /* Project object */;
			proxyType = 1;
			remoteGlobalIDString = A246E2C41C8FFDAC004491A7;
			remoteInfo = WorkshopTDD;
		};
		A246E2E51C8FFDAC004491A7 /* PBXContainerItemProxy */ = {
			isa = PBXContainerItemProxy;
			containerPortal = A246E2BD1C8FFDAC004491A7 /* Project object */;
			proxyType = 1;
			remoteGlobalIDString = A246E2C41C8FFDAC004491A7;
			remoteInfo = WorkshopTDD;
		};
/* End PBXContainerItemProxy section */

/* Begin PBXFileReference section */
		A246E2C51C8FFDAC004491A7 /* WorkshopTDD.app */ = {isa = PBXFileReference; explicitFileType = wrapper.application; includeInIndex = 0; path = WorkshopTDD.app; sourceTree = BUILT_PRODUCTS_DIR; };
		A246E2C81C8FFDAC004491A7 /* AppDelegate.swift */ = {isa = PBXFileReference; lastKnownFileType = sourcecode.swift; path = AppDelegate.swift; sourceTree = "<group>"; };
		A246E2CA1C8FFDAC004491A7 /* ViewController.swift */ = {isa = PBXFileReference; lastKnownFileType = sourcecode.swift; path = ViewController.swift; sourceTree = "<group>"; };
		A246E2CD1C8FFDAC004491A7 /* Base */ = {isa = PBXFileReference; lastKnownFileType = file.storyboard; name = Base; path = Base.lproj/Main.storyboard; sourceTree = "<group>"; };
		A246E2CF1C8FFDAC004491A7 /* Assets.xcassets */ = {isa = PBXFileReference; lastKnownFileType = folder.assetcatalog; path = Assets.xcassets; sourceTree = "<group>"; };
		A246E2D21C8FFDAC004491A7 /* Base */ = {isa = PBXFileReference; lastKnownFileType = file.storyboard; name = Base; path = Base.lproj/LaunchScreen.storyboard; sourceTree = "<group>"; };
		A246E2D41C8FFDAC004491A7 /* Info.plist */ = {isa = PBXFileReference; lastKnownFileType = text.plist.xml; path = Info.plist; sourceTree = "<group>"; };
		A246E2D91C8FFDAC004491A7 /* WorkshopTDDTests.xctest */ = {isa = PBXFileReference; explicitFileType = wrapper.cfbundle; includeInIndex = 0; path = WorkshopTDDTests.xctest; sourceTree = BUILT_PRODUCTS_DIR; };
		A246E2DD1C8FFDAC004491A7 /* WorkshopTDDTests.swift */ = {isa = PBXFileReference; lastKnownFileType = sourcecode.swift; path = WorkshopTDDTests.swift; sourceTree = "<group>"; };
		A246E2DF1C8FFDAC004491A7 /* Info.plist */ = {isa = PBXFileReference; lastKnownFileType = text.plist.xml; path = Info.plist; sourceTree = "<group>"; };
		A246E2E41C8FFDAC004491A7 /* WorkshopTDDUITests.xctest */ = {isa = PBXFileReference; explicitFileType = wrapper.cfbundle; includeInIndex = 0; path = WorkshopTDDUITests.xctest; sourceTree = BUILT_PRODUCTS_DIR; };
		A246E2E81C8FFDAC004491A7 /* WorkshopTDDUITests.swift */ = {isa = PBXFileReference; lastKnownFileType = sourcecode.swift; path = WorkshopTDDUITests.swift; sourceTree = "<group>"; };
		A246E2EA1C8FFDAC004491A7 /* Info.plist */ = {isa = PBXFileReference; lastKnownFileType = text.plist.xml; path = Info.plist; sourceTree = "<group>"; };
		A246E2F61C8FFFAA004491A7 /* HelloWorld.swift */ = {isa = PBXFileReference; fileEncoding = 4; lastKnownFileType = sourcecode.swift; path = HelloWorld.swift; sourceTree = "<group>"; };
		A246E2F81C9004F6004491A7 /* FizzBuzzTest.swift */ = {isa = PBXFileReference; fileEncoding = 4; lastKnownFileType = sourcecode.swift; path = FizzBuzzTest.swift; sourceTree = "<group>"; };
		A246E2FA1C90066C004491A7 /* FizzBuzz.swift */ = {isa = PBXFileReference; fileEncoding = 4; lastKnownFileType = sourcecode.swift; path = FizzBuzz.swift; sourceTree = "<group>"; };
		A26D05681C90244100D76563 /* CircularBufferTest.swift */ = {isa = PBXFileReference; fileEncoding = 4; lastKnownFileType = sourcecode.swift; path = CircularBufferTest.swift; sourceTree = "<group>"; };
		A26D056A1C90245B00D76563 /* CircularBuffer.swift */ = {isa = PBXFileReference; fileEncoding = 4; lastKnownFileType = sourcecode.swift; path = CircularBuffer.swift; sourceTree = "<group>"; };
/* End PBXFileReference section */

/* Begin PBXFrameworksBuildPhase section */
		A246E2C21C8FFDAC004491A7 /* Frameworks */ = {
			isa = PBXFrameworksBuildPhase;
			buildActionMask = 2147483647;
			files = (
			);
			runOnlyForDeploymentPostprocessing = 0;
		};
		A246E2D61C8FFDAC004491A7 /* Frameworks */ = {
			isa = PBXFrameworksBuildPhase;
			buildActionMask = 2147483647;
			files = (
			);
			runOnlyForDeploymentPostprocessing = 0;
		};
		A246E2E11C8FFDAC004491A7 /* Frameworks */ = {
			isa = PBXFrameworksBuildPhase;
			buildActionMask = 2147483647;
			files = (
			);
			runOnlyForDeploymentPostprocessing = 0;
		};
/* End PBXFrameworksBuildPhase section */

/* Begin PBXGroup section */
		A246E2BC1C8FFDAC004491A7 = {
			isa = PBXGroup;
			children = (
				A246E2C71C8FFDAC004491A7 /* WorkshopTDD */,
				A246E2DC1C8FFDAC004491A7 /* WorkshopTDDTests */,
				A246E2E71C8FFDAC004491A7 /* WorkshopTDDUITests */,
				A246E2C61C8FFDAC004491A7 /* Products */,
			);
			sourceTree = "<group>";
		};
		A246E2C61C8FFDAC004491A7 /* Products */ = {
			isa = PBXGroup;
			children = (
				A246E2C51C8FFDAC004491A7 /* WorkshopTDD.app */,
				A246E2D91C8FFDAC004491A7 /* WorkshopTDDTests.xctest */,
				A246E2E41C8FFDAC004491A7 /* WorkshopTDDUITests.xctest */,
			);
			name = Products;
			sourceTree = "<group>";
		};
		A246E2C71C8FFDAC004491A7 /* WorkshopTDD */ = {
			isa = PBXGroup;
			children = (
				A246E2C81C8FFDAC004491A7 /* AppDelegate.swift */,
				A246E2CA1C8FFDAC004491A7 /* ViewController.swift */,
				A246E2CC1C8FFDAC004491A7 /* Main.storyboard */,
				A246E2CF1C8FFDAC004491A7 /* Assets.xcassets */,
				A246E2D11C8FFDAC004491A7 /* LaunchScreen.storyboard */,
				A246E2D41C8FFDAC004491A7 /* Info.plist */,
				A246E2F61C8FFFAA004491A7 /* HelloWorld.swift */,
				A246E2FA1C90066C004491A7 /* FizzBuzz.swift */,
				A26D056A1C90245B00D76563 /* CircularBuffer.swift */,
			);
			path = WorkshopTDD;
			sourceTree = "<group>";
		};
		A246E2DC1C8FFDAC004491A7 /* WorkshopTDDTests */ = {
			isa = PBXGroup;
			children = (
				A246E2DD1C8FFDAC004491A7 /* WorkshopTDDTests.swift */,
				A246E2DF1C8FFDAC004491A7 /* Info.plist */,
				A246E2F81C9004F6004491A7 /* FizzBuzzTest.swift */,
				A26D05681C90244100D76563 /* CircularBufferTest.swift */,
			);
			path = WorkshopTDDTests;
			sourceTree = "<group>";
		};
		A246E2E71C8FFDAC004491A7 /* WorkshopTDDUITests */ = {
			isa = PBXGroup;
			children = (
				A246E2E81C8FFDAC004491A7 /* WorkshopTDDUITests.swift */,
				A246E2EA1C8FFDAC004491A7 /* Info.plist */,
			);
			path = WorkshopTDDUITests;
			sourceTree = "<group>";
		};
/* End PBXGroup section */

/* Begin PBXNativeTarget section */
		A246E2C41C8FFDAC004491A7 /* WorkshopTDD */ = {
			isa = PBXNativeTarget;
			buildConfigurationList = A246E2ED1C8FFDAC004491A7 /* Build configuration list for PBXNativeTarget "WorkshopTDD" */;
			buildPhases = (
				A246E2C11C8FFDAC004491A7 /* Sources */,
				A246E2C21C8FFDAC004491A7 /* Frameworks */,
				A246E2C31C8FFDAC004491A7 /* Resources */,
			);
			buildRules = (
			);
			dependencies = (
			);
			name = WorkshopTDD;
			productName = WorkshopTDD;
			productReference = A246E2C51C8FFDAC004491A7 /* WorkshopTDD.app */;
			productType = "com.apple.product-type.application";
		};
		A246E2D81C8FFDAC004491A7 /* WorkshopTDDTests */ = {
			isa = PBXNativeTarget;
			buildConfigurationList = A246E2F01C8FFDAC004491A7 /* Build configuration list for PBXNativeTarget "WorkshopTDDTests" */;
			buildPhases = (
				A246E2D51C8FFDAC004491A7 /* Sources */,
				A246E2D61C8FFDAC004491A7 /* Frameworks */,
				A246E2D71C8FFDAC004491A7 /* Resources */,
			);
			buildRules = (
			);
			dependencies = (
				A246E2DB1C8FFDAC004491A7 /* PBXTargetDependency */,
			);
			name = WorkshopTDDTests;
			productName = WorkshopTDDTests;
			productReference = A246E2D91C8FFDAC004491A7 /* WorkshopTDDTests.xctest */;
			productType = "com.apple.product-type.bundle.unit-test";
		};
		A246E2E31C8FFDAC004491A7 /* WorkshopTDDUITests */ = {
			isa = PBXNativeTarget;
			buildConfigurationList = A246E2F31C8FFDAC004491A7 /* Build configuration list for PBXNativeTarget "WorkshopTDDUITests" */;
			buildPhases = (
				A246E2E01C8FFDAC004491A7 /* Sources */,
				A246E2E11C8FFDAC004491A7 /* Frameworks */,
				A246E2E21C8FFDAC004491A7 /* Resources */,
			);
			buildRules = (
			);
			dependencies = (
				A246E2E61C8FFDAC004491A7 /* PBXTargetDependency */,
			);
			name = WorkshopTDDUITests;
			productName = WorkshopTDDUITests;
			productReference = A246E2E41C8FFDAC004491A7 /* WorkshopTDDUITests.xctest */;
			productType = "com.apple.product-type.bundle.ui-testing";
		};
/* End PBXNativeTarget section */

/* Begin PBXProject section */
		A246E2BD1C8FFDAC004491A7 /* Project object */ = {
			isa = PBXProject;
			attributes = {
				LastSwiftUpdateCheck = 0730;
				LastUpgradeCheck = 0730;
				ORGANIZATIONNAME = "___UP1___";
				TargetAttributes = {
					A246E2C41C8FFDAC004491A7 = {
						CreatedOnToolsVersion = 7.3;
						DevelopmentTeam = 3E58HZ3BUZ;
					};
					A246E2D81C8FFDAC004491A7 = {
						CreatedOnToolsVersion = 7.3;
						DevelopmentTeam = 3E58HZ3BUZ;
						TestTargetID = A246E2C41C8FFDAC004491A7;
					};
					A246E2E31C8FFDAC004491A7 = {
						CreatedOnToolsVersion = 7.3;
						DevelopmentTeam = 3E58HZ3BUZ;
						TestTargetID = A246E2C41C8FFDAC004491A7;
					};
				};
			};
			buildConfigurationList = A246E2C01C8FFDAC004491A7 /* Build configuration list for PBXProject "WorkshopTDD" */;
			compatibilityVersion = "Xcode 3.2";
			developmentRegion = English;
			hasScannedForEncodings = 0;
			knownRegions = (
				en,
				Base,
			);
			mainGroup = A246E2BC1C8FFDAC004491A7;
			productRefGroup = A246E2C61C8FFDAC004491A7 /* Products */;
			projectDirPath = "";
			projectRoot = "";
			targets = (
				A246E2C41C8FFDAC004491A7 /* WorkshopTDD */,
				A246E2D81C8FFDAC004491A7 /* WorkshopTDDTests */,
				A246E2E31C8FFDAC004491A7 /* WorkshopTDDUITests */,
			);
		};
/* End PBXProject section */

/* Begin PBXResourcesBuildPhase section */
		A246E2C31C8FFDAC004491A7 /* Resources */ = {
			isa = PBXResourcesBuildPhase;
			buildActionMask = 2147483647;
			files = (
				A246E2D31C8FFDAC004491A7 /* LaunchScreen.storyboard in Resources */,
				A246E2D01C8FFDAC004491A7 /* Assets.xcassets in Resources */,
				A246E2CE1C8FFDAC004491A7 /* Main.storyboard in Resources */,
			);
			runOnlyForDeploymentPostprocessing = 0;
		};
		A246E2D71C8FFDAC004491A7 /* Resources */ = {
			isa = PBXResourcesBuildPhase;
			buildActionMask = 2147483647;
			files = (
			);
			runOnlyForDeploymentPostprocessing = 0;
		};
		A246E2E21C8FFDAC004491A7 /* Resources */ = {
			isa = PBXResourcesBuildPhase;
			buildActionMask = 2147483647;
			files = (
			);
			runOnlyForDeploymentPostprocessing = 0;
		};
/* End PBXResourcesBuildPhase section */

/* Begin PBXSourcesBuildPhase section */
		A246E2C11C8FFDAC004491A7 /* Sources */ = {
			isa = PBXSourcesBuildPhase;
			buildActionMask = 2147483647;
			files = (
				A246E2CB1C8FFDAC004491A7 /* ViewController.swift in Sources */,
				A246E2F71C8FFFAA004491A7 /* HelloWorld.swift in Sources */,
				A246E2C91C8FFDAC004491A7 /* AppDelegate.swift in Sources */,
				A246E2FB1C90066C004491A7 /* FizzBuzz.swift in Sources */,
				A26D056B1C90245B00D76563 /* CircularBuffer.swift in Sources */,
			);
			runOnlyForDeploymentPostprocessing = 0;
		};
		A246E2D51C8FFDAC004491A7 /* Sources */ = {
			isa = PBXSourcesBuildPhase;
			buildActionMask = 2147483647;
			files = (
				A246E2DE1C8FFDAC004491A7 /* WorkshopTDDTests.swift in Sources */,
				A246E2F91C9004F6004491A7 /* FizzBuzzTest.swift in Sources */,
				A26D05691C90244100D76563 /* CircularBufferTest.swift in Sources */,
				A246E2FC1C90066C004491A7 /* FizzBuzz.swift in Sources */,
				A26D056C1C90245B00D76563 /* CircularBuffer.swift in Sources */,
			);
			runOnlyForDeploymentPostprocessing = 0;
		};
		A246E2E01C8FFDAC004491A7 /* Sources */ = {
			isa = PBXSourcesBuildPhase;
			buildActionMask = 2147483647;
			files = (
				A26D056D1C90245B00D76563 /* CircularBuffer.swift in Sources */,
				A246E2E91C8FFDAC004491A7 /* WorkshopTDDUITests.swift in Sources */,
				A246E2FD1C90066C004491A7 /* FizzBuzz.swift in Sources */,
			);
			runOnlyForDeploymentPostprocessing = 0;
		};
/* End PBXSourcesBuildPhase section */

/* Begin PBXTargetDependency section */
		A246E2DB1C8FFDAC004491A7 /* PBXTargetDependency */ = {
			isa = PBXTargetDependency;
			target = A246E2C41C8FFDAC004491A7 /* WorkshopTDD */;
			targetProxy = A246E2DA1C8FFDAC004491A7 /* PBXContainerItemProxy */;
		};
		A246E2E61C8FFDAC004491A7 /* PBXTargetDependency */ = {
			isa = PBXTargetDependency;
			target = A246E2C41C8FFDAC004491A7 /* WorkshopTDD */;
			targetProxy = A246E2E51C8FFDAC004491A7 /* PBXContainerItemProxy */;
		};
/* End PBXTargetDependency section */

/* Begin PBXVariantGroup section */
		A246E2CC1C8FFDAC004491A7 /* Main.storyboard */ = {
			isa = PBXVariantGroup;
			children = (
				A246E2CD1C8FFDAC004491A7 /* Base */,
			);
			name = Main.storyboard;
			sourceTree = "<group>";
		};
		A246E2D11C8FFDAC004491A7 /* LaunchScreen.storyboard */ = {
			isa = PBXVariantGroup;
			children = (
				A246E2D21C8FFDAC004491A7 /* Base */,
			);
			name = LaunchScreen.storyboard;
			sourceTree = "<group>";
		};
/* End PBXVariantGroup section */

/* Begin XCBuildConfiguration section */
		A246E2EB1C8FFDAC004491A7 /* Debug */ = {
			isa = XCBuildConfiguration;
			buildSettings = {
				ALWAYS_SEARCH_USER_PATHS = NO;
				CLANG_ANALYZER_NONNULL = YES;
				CLANG_CXX_LANGUAGE_STANDARD = "gnu++0x";
				CLANG_CXX_LIBRARY = "libc++";
				CLANG_ENABLE_MODULES = YES;
				CLANG_ENABLE_OBJC_ARC = YES;
				CLANG_WARN_BOOL_CONVERSION = YES;
				CLANG_WARN_CONSTANT_CONVERSION = YES;
				CLANG_WARN_DIRECT_OBJC_ISA_USAGE = YES_ERROR;
				CLANG_WARN_EMPTY_BODY = YES;
				CLANG_WARN_ENUM_CONVERSION = YES;
				CLANG_WARN_INT_CONVERSION = YES;
				CLANG_WARN_OBJC_ROOT_CLASS = YES_ERROR;
				CLANG_WARN_UNREACHABLE_CODE = YES;
				CLANG_WARN__DUPLICATE_METHOD_MATCH = YES;
				"CODE_SIGN_IDENTITY[sdk=iphoneos*]" = "iPhone Developer";
				COPY_PHASE_STRIP = NO;
				DEBUG_INFORMATION_FORMAT = dwarf;
				ENABLE_STRICT_OBJC_MSGSEND = YES;
				ENABLE_TESTABILITY = YES;
				GCC_C_LANGUAGE_STANDARD = gnu99;
				GCC_DYNAMIC_NO_PIC = NO;
				GCC_NO_COMMON_BLOCKS = YES;
				GCC_OPTIMIZATION_LEVEL = 0;
				GCC_PREPROCESSOR_DEFINITIONS = (
					"DEBUG=1",
					"$(inherited)",
				);
				GCC_WARN_64_TO_32_BIT_CONVERSION = YES;
				GCC_WARN_ABOUT_RETURN_TYPE = YES_ERROR;
				GCC_WARN_UNDECLARED_SELECTOR = YES;
				GCC_WARN_UNINITIALIZED_AUTOS = YES_AGGRESSIVE;
				GCC_WARN_UNUSED_FUNCTION = YES;
				GCC_WARN_UNUSED_VARIABLE = YES;
				IPHONEOS_DEPLOYMENT_TARGET = 9.3;
				MTL_ENABLE_DEBUG_INFO = YES;
				ONLY_ACTIVE_ARCH = YES;
				SDKROOT = iphoneos;
				SWIFT_OPTIMIZATION_LEVEL = "-Onone";
				TARGETED_DEVICE_FAMILY = "1,2";
			};
			name = Debug;
		};
		A246E2EC1C8FFDAC004491A7 /* Release */ = {
			isa = XCBuildConfiguration;
			buildSettings = {
				ALWAYS_SEARCH_USER_PATHS = NO;
				CLANG_ANALYZER_NONNULL = YES;
				CLANG_CXX_LANGUAGE_STANDARD = "gnu++0x";
				CLANG_CXX_LIBRARY = "libc++";
				CLANG_ENABLE_MODULES = YES;
				CLANG_ENABLE_OBJC_ARC = YES;
				CLANG_WARN_BOOL_CONVERSION = YES;
				CLANG_WARN_CONSTANT_CONVERSION = YES;
				CLANG_WARN_DIRECT_OBJC_ISA_USAGE = YES_ERROR;
				CLANG_WARN_EMPTY_BODY = YES;
				CLANG_WARN_ENUM_CONVERSION = YES;
				CLANG_WARN_INT_CONVERSION = YES;
				CLANG_WARN_OBJC_ROOT_CLASS = YES_ERROR;
				CLANG_WARN_UNREACHABLE_CODE = YES;
				CLANG_WARN__DUPLICATE_METHOD_MATCH = YES;
				"CODE_SIGN_IDENTITY[sdk=iphoneos*]" = "iPhone Developer";
				COPY_PHASE_STRIP = NO;
				DEBUG_INFORMATION_FORMAT = "dwarf-with-dsym";
				ENABLE_NS_ASSERTIONS = NO;
				ENABLE_STRICT_OBJC_MSGSEND = YES;
				GCC_C_LANGUAGE_STANDARD = gnu99;
				GCC_NO_COMMON_BLOCKS = YES;
				GCC_WARN_64_TO_32_BIT_CONVERSION = YES;
				GCC_WARN_ABOUT_RETURN_TYPE = YES_ERROR;
				GCC_WARN_UNDECLARED_SELECTOR = YES;
				GCC_WARN_UNINITIALIZED_AUTOS = YES_AGGRESSIVE;
				GCC_WARN_UNUSED_FUNCTION = YES;
				GCC_WARN_UNUSED_VARIABLE = YES;
				IPHONEOS_DEPLOYMENT_TARGET = 9.3;
				MTL_ENABLE_DEBUG_INFO = NO;
				SDKROOT = iphoneos;
				TARGETED_DEVICE_FAMILY = "1,2";
				VALIDATE_PRODUCT = YES;
			};
			name = Release;
		};
		A246E2EE1C8FFDAC004491A7 /* Debug */ = {
			isa = XCBuildConfiguration;
			buildSettings = {
				ASSETCATALOG_COMPILER_APPICON_NAME = AppIcon;
				INFOPLIST_FILE = WorkshopTDD/Info.plist;
				LD_RUNPATH_SEARCH_PATHS = "$(inherited) @executable_path/Frameworks";
				PRODUCT_BUNDLE_IDENTIFIER = up1.WorkshopTDD;
				PRODUCT_NAME = "$(TARGET_NAME)";
			};
			name = Debug;
		};
		A246E2EF1C8FFDAC004491A7 /* Release */ = {
			isa = XCBuildConfiguration;
			buildSettings = {
				ASSETCATALOG_COMPILER_APPICON_NAME = AppIcon;
				INFOPLIST_FILE = WorkshopTDD/Info.plist;
				LD_RUNPATH_SEARCH_PATHS = "$(inherited) @executable_path/Frameworks";
				PRODUCT_BUNDLE_IDENTIFIER = up1.WorkshopTDD;
				PRODUCT_NAME = "$(TARGET_NAME)";
			};
			name = Release;
		};
		A246E2F11C8FFDAC004491A7 /* Debug */ = {
			isa = XCBuildConfiguration;
			buildSettings = {
				BUNDLE_LOADER = "$(TEST_HOST)";
				INFOPLIST_FILE = WorkshopTDDTests/Info.plist;
				LD_RUNPATH_SEARCH_PATHS = "$(inherited) @executable_path/Frameworks @loader_path/Frameworks";
				PRODUCT_BUNDLE_IDENTIFIER = up1.WorkshopTDDTests;
				PRODUCT_NAME = "$(TARGET_NAME)";
				TEST_HOST = "$(BUILT_PRODUCTS_DIR)/WorkshopTDD.app/WorkshopTDD";
			};
			name = Debug;
		};
		A246E2F21C8FFDAC004491A7 /* Release */ = {
			isa = XCBuildConfiguration;
			buildSettings = {
				BUNDLE_LOADER = "$(TEST_HOST)";
				INFOPLIST_FILE = WorkshopTDDTests/Info.plist;
				LD_RUNPATH_SEARCH_PATHS = "$(inherited) @executable_path/Frameworks @loader_path/Frameworks";
				PRODUCT_BUNDLE_IDENTIFIER = up1.WorkshopTDDTests;
				PRODUCT_NAME = "$(TARGET_NAME)";
				TEST_HOST = "$(BUILT_PRODUCTS_DIR)/WorkshopTDD.app/WorkshopTDD";
			};
			name = Release;
		};
		A246E2F41C8FFDAC004491A7 /* Debug */ = {
			isa = XCBuildConfiguration;
			buildSettings = {
				INFOPLIST_FILE = WorkshopTDDUITests/Info.plist;
				LD_RUNPATH_SEARCH_PATHS = "$(inherited) @executable_path/Frameworks @loader_path/Frameworks";
				PRODUCT_BUNDLE_IDENTIFIER = up1.WorkshopTDDUITests;
				PRODUCT_NAME = "$(TARGET_NAME)";
				TEST_TARGET_NAME = WorkshopTDD;
			};
			name = Debug;
		};
		A246E2F51C8FFDAC004491A7 /* Release */ = {
			isa = XCBuildConfiguration;
			buildSettings = {
				INFOPLIST_FILE = WorkshopTDDUITests/Info.plist;
				LD_RUNPATH_SEARCH_PATHS = "$(inherited) @executable_path/Frameworks @loader_path/Frameworks";
				PRODUCT_BUNDLE_IDENTIFIER = up1.WorkshopTDDUITests;
				PRODUCT_NAME = "$(TARGET_NAME)";
				TEST_TARGET_NAME = WorkshopTDD;
			};
			name = Release;
		};
/* End XCBuildConfiguration section */

/* Begin XCConfigurationList section */
		A246E2C01C8FFDAC004491A7 /* Build configuration list for PBXProject "WorkshopTDD" */ = {
			isa = XCConfigurationList;
			buildConfigurations = (
				A246E2EB1C8FFDAC004491A7 /* Debug */,
				A246E2EC1C8FFDAC004491A7 /* Release */,
			);
			defaultConfigurationIsVisible = 0;
			defaultConfigurationName = Release;
		};
		A246E2ED1C8FFDAC004491A7 /* Build configuration list for PBXNativeTarget "WorkshopTDD" */ = {
			isa = XCConfigurationList;
			buildConfigurations = (
				A246E2EE1C8FFDAC004491A7 /* Debug */,
				A246E2EF1C8FFDAC004491A7 /* Release */,
			);
			defaultConfigurationIsVisible = 0;
			defaultConfigurationName = Release;
		};
		A246E2F01C8FFDAC004491A7 /* Build configuration list for PBXNativeTarget "WorkshopTDDTests" */ = {
			isa = XCConfigurationList;
			buildConfigurations = (
				A246E2F11C8FFDAC004491A7 /* Debug */,
				A246E2F21C8FFDAC004491A7 /* Release */,
			);
			defaultConfigurationIsVisible = 0;
			defaultConfigurationName = Release;
		};
		A246E2F31C8FFDAC004491A7 /* Build configuration list for PBXNativeTarget "WorkshopTDDUITests" */ = {
			isa = XCConfigurationList;
			buildConfigurations = (
				A246E2F41C8FFDAC004491A7 /* Debug */,
				A246E2F51C8FFDAC004491A7 /* Release */,
			);
			defaultConfigurationIsVisible = 0;
			defaultConfigurationName = Release;
		};
/* End XCConfigurationList section */
	};
	rootObject = A246E2BD1C8FFDAC004491A7 /* Project object */;
}
