// !$*UTF8*$!
{
	archiveVersion = 1;
	classes = {
	};
	objectVersion = 46;
	objects = {

/* Begin PBXBuildFile section */
		A286FC481C90FED40086162C /* AppDelegate.swift in Sources */ = {isa = PBXBuildFile; fileRef = A286FC471C90FED40086162C /* AppDelegate.swift */; };
		A286FC4A1C90FED40086162C /* ViewController.swift in Sources */ = {isa = PBXBuildFile; fileRef = A286FC491C90FED40086162C /* ViewController.swift */; };
		A286FC4D1C90FED40086162C /* Main.storyboard in Resources */ = {isa = PBXBuildFile; fileRef = A286FC4B1C90FED40086162C /* Main.storyboard */; };
		A286FC4F1C90FED40086162C /* Assets.xcassets in Resources */ = {isa = PBXBuildFile; fileRef = A286FC4E1C90FED40086162C /* Assets.xcassets */; };
		A286FC521C90FED40086162C /* LaunchScreen.storyboard in Resources */ = {isa = PBXBuildFile; fileRef = A286FC501C90FED40086162C /* LaunchScreen.storyboard */; };
		A286FC5D1C90FED40086162C /* ddddTests.swift in Sources */ = {isa = PBXBuildFile; fileRef = A286FC5C1C90FED40086162C /* ddddTests.swift */; };
		A286FC681C90FED40086162C /* ddddUITests.swift in Sources */ = {isa = PBXBuildFile; fileRef = A286FC671C90FED40086162C /* ddddUITests.swift */; };
/* End PBXBuildFile section */

/* Begin PBXContainerItemProxy section */
		A286FC591C90FED40086162C /* PBXContainerItemProxy */ = {
			isa = PBXContainerItemProxy;
			containerPortal = A286FC3C1C90FED40086162C /* Project object */;
			proxyType = 1;
			remoteGlobalIDString = A286FC431C90FED40086162C;
			remoteInfo = dddd;
		};
		A286FC641C90FED40086162C /* PBXContainerItemProxy */ = {
			isa = PBXContainerItemProxy;
			containerPortal = A286FC3C1C90FED40086162C /* Project object */;
			proxyType = 1;
			remoteGlobalIDString = A286FC431C90FED40086162C;
			remoteInfo = dddd;
		};
/* End PBXContainerItemProxy section */

/* Begin PBXFileReference section */
		A286FC441C90FED40086162C /* dddd.app */ = {isa = PBXFileReference; explicitFileType = wrapper.application; includeInIndex = 0; path = dddd.app; sourceTree = BUILT_PRODUCTS_DIR; };
		A286FC471C90FED40086162C /* AppDelegate.swift */ = {isa = PBXFileReference; lastKnownFileType = sourcecode.swift; path = AppDelegate.swift; sourceTree = "<group>"; };
		A286FC491C90FED40086162C /* ViewController.swift */ = {isa = PBXFileReference; lastKnownFileType = sourcecode.swift; path = ViewController.swift; sourceTree = "<group>"; };
		A286FC4C1C90FED40086162C /* Base */ = {isa = PBXFileReference; lastKnownFileType = file.storyboard; name = Base; path = Base.lproj/Main.storyboard; sourceTree = "<group>"; };
		A286FC4E1C90FED40086162C /* Assets.xcassets */ = {isa = PBXFileReference; lastKnownFileType = folder.assetcatalog; path = Assets.xcassets; sourceTree = "<group>"; };
		A286FC511C90FED40086162C /* Base */ = {isa = PBXFileReference; lastKnownFileType = file.storyboard; name = Base; path = Base.lproj/LaunchScreen.storyboard; sourceTree = "<group>"; };
		A286FC531C90FED40086162C /* Info.plist */ = {isa = PBXFileReference; lastKnownFileType = text.plist.xml; path = Info.plist; sourceTree = "<group>"; };
		A286FC581C90FED40086162C /* ddddTests.xctest */ = {isa = PBXFileReference; explicitFileType = wrapper.cfbundle; includeInIndex = 0; path = ddddTests.xctest; sourceTree = BUILT_PRODUCTS_DIR; };
		A286FC5C1C90FED40086162C /* ddddTests.swift */ = {isa = PBXFileReference; lastKnownFileType = sourcecode.swift; path = ddddTests.swift; sourceTree = "<group>"; };
		A286FC5E1C90FED40086162C /* Info.plist */ = {isa = PBXFileReference; lastKnownFileType = text.plist.xml; path = Info.plist; sourceTree = "<group>"; };
		A286FC631C90FED40086162C /* ddddUITests.xctest */ = {isa = PBXFileReference; explicitFileType = wrapper.cfbundle; includeInIndex = 0; path = ddddUITests.xctest; sourceTree = BUILT_PRODUCTS_DIR; };
		A286FC671C90FED40086162C /* ddddUITests.swift */ = {isa = PBXFileReference; lastKnownFileType = sourcecode.swift; path = ddddUITests.swift; sourceTree = "<group>"; };
		A286FC691C90FED40086162C /* Info.plist */ = {isa = PBXFileReference; lastKnownFileType = text.plist.xml; path = Info.plist; sourceTree = "<group>"; };
/* End PBXFileReference section */

/* Begin PBXFrameworksBuildPhase section */
		A286FC411C90FED40086162C /* Frameworks */ = {
			isa = PBXFrameworksBuildPhase;
			buildActionMask = 2147483647;
			files = (
			);
			runOnlyForDeploymentPostprocessing = 0;
		};
		A286FC551C90FED40086162C /* Frameworks */ = {
			isa = PBXFrameworksBuildPhase;
			buildActionMask = 2147483647;
			files = (
			);
			runOnlyForDeploymentPostprocessing = 0;
		};
		A286FC601C90FED40086162C /* Frameworks */ = {
			isa = PBXFrameworksBuildPhase;
			buildActionMask = 2147483647;
			files = (
			);
			runOnlyForDeploymentPostprocessing = 0;
		};
/* End PBXFrameworksBuildPhase section */

/* Begin PBXGroup section */
		A286FC3B1C90FED40086162C = {
			isa = PBXGroup;
			children = (
				A286FC461C90FED40086162C /* dddd */,
				A286FC5B1C90FED40086162C /* ddddTests */,
				A286FC661C90FED40086162C /* ddddUITests */,
				A286FC451C90FED40086162C /* Products */,
			);
			sourceTree = "<group>";
		};
		A286FC451C90FED40086162C /* Products */ = {
			isa = PBXGroup;
			children = (
				A286FC441C90FED40086162C /* dddd.app */,
				A286FC581C90FED40086162C /* ddddTests.xctest */,
				A286FC631C90FED40086162C /* ddddUITests.xctest */,
			);
			name = Products;
			sourceTree = "<group>";
		};
		A286FC461C90FED40086162C /* dddd */ = {
			isa = PBXGroup;
			children = (
				A286FC471C90FED40086162C /* AppDelegate.swift */,
				A286FC491C90FED40086162C /* ViewController.swift */,
				A286FC4B1C90FED40086162C /* Main.storyboard */,
				A286FC4E1C90FED40086162C /* Assets.xcassets */,
				A286FC501C90FED40086162C /* LaunchScreen.storyboard */,
				A286FC531C90FED40086162C /* Info.plist */,
			);
			path = dddd;
			sourceTree = "<group>";
		};
		A286FC5B1C90FED40086162C /* ddddTests */ = {
			isa = PBXGroup;
			children = (
				A286FC5C1C90FED40086162C /* ddddTests.swift */,
				A286FC5E1C90FED40086162C /* Info.plist */,
			);
			path = ddddTests;
			sourceTree = "<group>";
		};
		A286FC661C90FED40086162C /* ddddUITests */ = {
			isa = PBXGroup;
			children = (
				A286FC671C90FED40086162C /* ddddUITests.swift */,
				A286FC691C90FED40086162C /* Info.plist */,
			);
			path = ddddUITests;
			sourceTree = "<group>";
		};
/* End PBXGroup section */

/* Begin PBXNativeTarget section */
		A286FC431C90FED40086162C /* dddd */ = {
			isa = PBXNativeTarget;
			buildConfigurationList = A286FC6C1C90FED40086162C /* Build configuration list for PBXNativeTarget "dddd" */;
			buildPhases = (
				A286FC401C90FED40086162C /* Sources */,
				A286FC411C90FED40086162C /* Frameworks */,
				A286FC421C90FED40086162C /* Resources */,
			);
			buildRules = (
			);
			dependencies = (
			);
			name = dddd;
			productName = dddd;
			productReference = A286FC441C90FED40086162C /* dddd.app */;
			productType = "com.apple.product-type.application";
		};
		A286FC571C90FED40086162C /* ddddTests */ = {
			isa = PBXNativeTarget;
			buildConfigurationList = A286FC6F1C90FED40086162C /* Build configuration list for PBXNativeTarget "ddddTests" */;
			buildPhases = (
				A286FC541C90FED40086162C /* Sources */,
				A286FC551C90FED40086162C /* Frameworks */,
				A286FC561C90FED40086162C /* Resources */,
			);
			buildRules = (
			);
			dependencies = (
				A286FC5A1C90FED40086162C /* PBXTargetDependency */,
			);
			name = ddddTests;
			productName = ddddTests;
			productReference = A286FC581C90FED40086162C /* ddddTests.xctest */;
			productType = "com.apple.product-type.bundle.unit-test";
		};
		A286FC621C90FED40086162C /* ddddUITests */ = {
			isa = PBXNativeTarget;
			buildConfigurationList = A286FC721C90FED40086162C /* Build configuration list for PBXNativeTarget "ddddUITests" */;
			buildPhases = (
				A286FC5F1C90FED40086162C /* Sources */,
				A286FC601C90FED40086162C /* Frameworks */,
				A286FC611C90FED40086162C /* Resources */,
			);
			buildRules = (
			);
			dependencies = (
				A286FC651C90FED40086162C /* PBXTargetDependency */,
			);
			name = ddddUITests;
			productName = ddddUITests;
			productReference = A286FC631C90FED40086162C /* ddddUITests.xctest */;
			productType = "com.apple.product-type.bundle.ui-testing";
		};
/* End PBXNativeTarget section */

/* Begin PBXProject section */
		A286FC3C1C90FED40086162C /* Project object */ = {
			isa = PBXProject;
			attributes = {
				LastSwiftUpdateCheck = 0720;
				LastUpgradeCheck = 0720;
				ORGANIZATIONNAME = "___UP1___";
				TargetAttributes = {
					A286FC431C90FED40086162C = {
						CreatedOnToolsVersion = 7.2;
						DevelopmentTeam = 3E58HZ3BUZ;
					};
					A286FC571C90FED40086162C = {
						CreatedOnToolsVersion = 7.2;
						DevelopmentTeam = 3E58HZ3BUZ;
						TestTargetID = A286FC431C90FED40086162C;
					};
					A286FC621C90FED40086162C = {
						CreatedOnToolsVersion = 7.2;
						DevelopmentTeam = 3E58HZ3BUZ;
						TestTargetID = A286FC431C90FED40086162C;
					};
				};
			};
			buildConfigurationList = A286FC3F1C90FED40086162C /* Build configuration list for PBXProject "dddd" */;
			compatibilityVersion = "Xcode 3.2";
			developmentRegion = English;
			hasScannedForEncodings = 0;
			knownRegions = (
				en,
				Base,
			);
			mainGroup = A286FC3B1C90FED40086162C;
			productRefGroup = A286FC451C90FED40086162C /* Products */;
			projectDirPath = "";
			projectRoot = "";
			targets = (
				A286FC431C90FED40086162C /* dddd */,
				A286FC571C90FED40086162C /* ddddTests */,
				A286FC621C90FED40086162C /* ddddUITests */,
			);
		};
/* End PBXProject section */

/* Begin PBXResourcesBuildPhase section */
		A286FC421C90FED40086162C /* Resources */ = {
			isa = PBXResourcesBuildPhase;
			buildActionMask = 2147483647;
			files = (
				A286FC521C90FED40086162C /* LaunchScreen.storyboard in Resources */,
				A286FC4F1C90FED40086162C /* Assets.xcassets in Resources */,
				A286FC4D1C90FED40086162C /* Main.storyboard in Resources */,
			);
			runOnlyForDeploymentPostprocessing = 0;
		};
		A286FC561C90FED40086162C /* Resources */ = {
			isa = PBXResourcesBuildPhase;
			buildActionMask = 2147483647;
			files = (
			);
			runOnlyForDeploymentPostprocessing = 0;
		};
		A286FC611C90FED40086162C /* Resources */ = {
			isa = PBXResourcesBuildPhase;
			buildActionMask = 2147483647;
			files = (
			);
			runOnlyForDeploymentPostprocessing = 0;
		};
/* End PBXResourcesBuildPhase section */

/* Begin PBXSourcesBuildPhase section */
		A286FC401C90FED40086162C /* Sources */ = {
			isa = PBXSourcesBuildPhase;
			buildActionMask = 2147483647;
			files = (
				A286FC4A1C90FED40086162C /* ViewController.swift in Sources */,
				A286FC481C90FED40086162C /* AppDelegate.swift in Sources */,
			);
			runOnlyForDeploymentPostprocessing = 0;
		};
		A286FC541C90FED40086162C /* Sources */ = {
			isa = PBXSourcesBuildPhase;
			buildActionMask = 2147483647;
			files = (
				A286FC5D1C90FED40086162C /* ddddTests.swift in Sources */,
			);
			runOnlyForDeploymentPostprocessing = 0;
		};
		A286FC5F1C90FED40086162C /* Sources */ = {
			isa = PBXSourcesBuildPhase;
			buildActionMask = 2147483647;
			files = (
				A286FC681C90FED40086162C /* ddddUITests.swift in Sources */,
			);
			runOnlyForDeploymentPostprocessing = 0;
		};
/* End PBXSourcesBuildPhase section */

/* Begin PBXTargetDependency section */
		A286FC5A1C90FED40086162C /* PBXTargetDependency */ = {
			isa = PBXTargetDependency;
			target = A286FC431C90FED40086162C /* dddd */;
			targetProxy = A286FC591C90FED40086162C /* PBXContainerItemProxy */;
		};
		A286FC651C90FED40086162C /* PBXTargetDependency */ = {
			isa = PBXTargetDependency;
			target = A286FC431C90FED40086162C /* dddd */;
			targetProxy = A286FC641C90FED40086162C /* PBXContainerItemProxy */;
		};
/* End PBXTargetDependency section */

/* Begin PBXVariantGroup section */
		A286FC4B1C90FED40086162C /* Main.storyboard */ = {
			isa = PBXVariantGroup;
			children = (
				A286FC4C1C90FED40086162C /* Base */,
			);
			name = Main.storyboard;
			sourceTree = "<group>";
		};
		A286FC501C90FED40086162C /* LaunchScreen.storyboard */ = {
			isa = PBXVariantGroup;
			children = (
				A286FC511C90FED40086162C /* Base */,
			);
			name = LaunchScreen.storyboard;
			sourceTree = "<group>";
		};
/* End PBXVariantGroup section */

/* Begin XCBuildConfiguration section */
		A286FC6A1C90FED40086162C /* Debug */ = {
			isa = XCBuildConfiguration;
			buildSettings = {
				ALWAYS_SEARCH_USER_PATHS = NO;
				CLANG_CXX_LANGUAGE_STANDARD = "gnu++0x";
				CLANG_CXX_LIBRARY = "libc++";
				CLANG_ENABLE_MODULES = YES;
				CLANG_ENABLE_OBJC_ARC = YES;
				CLANG_WARN_BOOL_CONVERSION = YES;
				CLANG_WARN_CONSTANT_CONVERSION = YES;
				CLANG_WARN_DIRECT_OBJC_ISA_USAGE = YES_ERROR;
				CLANG_WARN_EMPTY_BODY = YES;
				CLANG_WARN_ENUM_CONVERSION = YES;
				CLANG_WARN_INT_CONVERSION = YES;
				CLANG_WARN_OBJC_ROOT_CLASS = YES_ERROR;
				CLANG_WARN_UNREACHABLE_CODE = YES;
				CLANG_WARN__DUPLICATE_METHOD_MATCH = YES;
				"CODE_SIGN_IDENTITY[sdk=iphoneos*]" = "iPhone Developer";
				COPY_PHASE_STRIP = NO;
				DEBUG_INFORMATION_FORMAT = dwarf;
				ENABLE_STRICT_OBJC_MSGSEND = YES;
				ENABLE_TESTABILITY = YES;
				GCC_C_LANGUAGE_STANDARD = gnu99;
				GCC_DYNAMIC_NO_PIC = NO;
				GCC_NO_COMMON_BLOCKS = YES;
				GCC_OPTIMIZATION_LEVEL = 0;
				GCC_PREPROCESSOR_DEFINITIONS = (
					"DEBUG=1",
					"$(inherited)",
				);
				GCC_WARN_64_TO_32_BIT_CONVERSION = YES;
				GCC_WARN_ABOUT_RETURN_TYPE = YES_ERROR;
				GCC_WARN_UNDECLARED_SELECTOR = YES;
				GCC_WARN_UNINITIALIZED_AUTOS = YES_AGGRESSIVE;
				GCC_WARN_UNUSED_FUNCTION = YES;
				GCC_WARN_UNUSED_VARIABLE = YES;
				IPHONEOS_DEPLOYMENT_TARGET = 9.2;
				MTL_ENABLE_DEBUG_INFO = YES;
				ONLY_ACTIVE_ARCH = YES;
				SDKROOT = iphoneos;
				SWIFT_OPTIMIZATION_LEVEL = "-Onone";
				TARGETED_DEVICE_FAMILY = "1,2";
			};
			name = Debug;
		};
		A286FC6B1C90FED40086162C /* Release */ = {
			isa = XCBuildConfiguration;
			buildSettings = {
				ALWAYS_SEARCH_USER_PATHS = NO;
				CLANG_CXX_LANGUAGE_STANDARD = "gnu++0x";
				CLANG_CXX_LIBRARY = "libc++";
				CLANG_ENABLE_MODULES = YES;
				CLANG_ENABLE_OBJC_ARC = YES;
				CLANG_WARN_BOOL_CONVERSION = YES;
				CLANG_WARN_CONSTANT_CONVERSION = YES;
				CLANG_WARN_DIRECT_OBJC_ISA_USAGE = YES_ERROR;
				CLANG_WARN_EMPTY_BODY = YES;
				CLANG_WARN_ENUM_CONVERSION = YES;
				CLANG_WARN_INT_CONVERSION = YES;
				CLANG_WARN_OBJC_ROOT_CLASS = YES_ERROR;
				CLANG_WARN_UNREACHABLE_CODE = YES;
				CLANG_WARN__DUPLICATE_METHOD_MATCH = YES;
				"CODE_SIGN_IDENTITY[sdk=iphoneos*]" = "iPhone Developer";
				COPY_PHASE_STRIP = NO;
				DEBUG_INFORMATION_FORMAT = "dwarf-with-dsym";
				ENABLE_NS_ASSERTIONS = NO;
				ENABLE_STRICT_OBJC_MSGSEND = YES;
				GCC_C_LANGUAGE_STANDARD = gnu99;
				GCC_NO_COMMON_BLOCKS = YES;
				GCC_WARN_64_TO_32_BIT_CONVERSION = YES;
				GCC_WARN_ABOUT_RETURN_TYPE = YES_ERROR;
				GCC_WARN_UNDECLARED_SELECTOR = YES;
				GCC_WARN_UNINITIALIZED_AUTOS = YES_AGGRESSIVE;
				GCC_WARN_UNUSED_FUNCTION = YES;
				GCC_WARN_UNUSED_VARIABLE = YES;
				IPHONEOS_DEPLOYMENT_TARGET = 9.2;
				MTL_ENABLE_DEBUG_INFO = NO;
				SDKROOT = iphoneos;
				TARGETED_DEVICE_FAMILY = "1,2";
				VALIDATE_PRODUCT = YES;
			};
			name = Release;
		};
		A286FC6D1C90FED40086162C /* Debug */ = {
			isa = XCBuildConfiguration;
			buildSettings = {
				ASSETCATALOG_COMPILER_APPICON_NAME = AppIcon;
				INFOPLIST_FILE = dddd/Info.plist;
				LD_RUNPATH_SEARCH_PATHS = "$(inherited) @executable_path/Frameworks";
				PRODUCT_BUNDLE_IDENTIFIER = up1.dddd;
				PRODUCT_NAME = "$(TARGET_NAME)";
			};
			name = Debug;
		};
		A286FC6E1C90FED40086162C /* Release */ = {
			isa = XCBuildConfiguration;
			buildSettings = {
				ASSETCATALOG_COMPILER_APPICON_NAME = AppIcon;
				INFOPLIST_FILE = dddd/Info.plist;
				LD_RUNPATH_SEARCH_PATHS = "$(inherited) @executable_path/Frameworks";
				PRODUCT_BUNDLE_IDENTIFIER = up1.dddd;
				PRODUCT_NAME = "$(TARGET_NAME)";
			};
			name = Release;
		};
		A286FC701C90FED40086162C /* Debug */ = {
			isa = XCBuildConfiguration;
			buildSettings = {
				BUNDLE_LOADER = "$(TEST_HOST)";
				INFOPLIST_FILE = ddddTests/Info.plist;
				LD_RUNPATH_SEARCH_PATHS = "$(inherited) @executable_path/Frameworks @loader_path/Frameworks";
				PRODUCT_BUNDLE_IDENTIFIER = up1.ddddTests;
				PRODUCT_NAME = "$(TARGET_NAME)";
				TEST_HOST = "$(BUILT_PRODUCTS_DIR)/dddd.app/dddd";
			};
			name = Debug;
		};
		A286FC711C90FED40086162C /* Release */ = {
			isa = XCBuildConfiguration;
			buildSettings = {
				BUNDLE_LOADER = "$(TEST_HOST)";
				INFOPLIST_FILE = ddddTests/Info.plist;
				LD_RUNPATH_SEARCH_PATHS = "$(inherited) @executable_path/Frameworks @loader_path/Frameworks";
				PRODUCT_BUNDLE_IDENTIFIER = up1.ddddTests;
				PRODUCT_NAME = "$(TARGET_NAME)";
				TEST_HOST = "$(BUILT_PRODUCTS_DIR)/dddd.app/dddd";
			};
			name = Release;
		};
		A286FC731C90FED40086162C /* Debug */ = {
			isa = XCBuildConfiguration;
			buildSettings = {
				INFOPLIST_FILE = ddddUITests/Info.plist;
				LD_RUNPATH_SEARCH_PATHS = "$(inherited) @executable_path/Frameworks @loader_path/Frameworks";
				PRODUCT_BUNDLE_IDENTIFIER = up1.ddddUITests;
				PRODUCT_NAME = "$(TARGET_NAME)";
				TEST_TARGET_NAME = dddd;
				USES_XCTRUNNER = YES;
			};
			name = Debug;
		};
		A286FC741C90FED40086162C /* Release */ = {
			isa = XCBuildConfiguration;
			buildSettings = {
				INFOPLIST_FILE = ddddUITests/Info.plist;
				LD_RUNPATH_SEARCH_PATHS = "$(inherited) @executable_path/Frameworks @loader_path/Frameworks";
				PRODUCT_BUNDLE_IDENTIFIER = up1.ddddUITests;
				PRODUCT_NAME = "$(TARGET_NAME)";
				TEST_TARGET_NAME = dddd;
				USES_XCTRUNNER = YES;
			};
			name = Release;
		};
/* End XCBuildConfiguration section */

/* Begin XCConfigurationList section */
		A286FC3F1C90FED40086162C /* Build configuration list for PBXProject "dddd" */ = {
			isa = XCConfigurationList;
			buildConfigurations = (
				A286FC6A1C90FED40086162C /* Debug */,
				A286FC6B1C90FED40086162C /* Release */,
			);
			defaultConfigurationIsVisible = 0;
			defaultConfigurationName = Release;
		};
		A286FC6C1C90FED40086162C /* Build configuration list for PBXNativeTarget "dddd" */ = {
			isa = XCConfigurationList;
			buildConfigurations = (
				A286FC6D1C90FED40086162C /* Debug */,
				A286FC6E1C90FED40086162C /* Release */,
			);
			defaultConfigurationIsVisible = 0;
		};
		A286FC6F1C90FED40086162C /* Build configuration list for PBXNativeTarget "ddddTests" */ = {
			isa = XCConfigurationList;
			buildConfigurations = (
				A286FC701C90FED40086162C /* Debug */,
				A286FC711C90FED40086162C /* Release */,
			);
			defaultConfigurationIsVisible = 0;
		};
		A286FC721C90FED40086162C /* Build configuration list for PBXNativeTarget "ddddUITests" */ = {
			isa = XCConfigurationList;
			buildConfigurations = (
				A286FC731C90FED40086162C /* Debug */,
				A286FC741C90FED40086162C /* Release */,
			);
			defaultConfigurationIsVisible = 0;
		};
/* End XCConfigurationList section */
	};
	rootObject = A286FC3C1C90FED40086162C /* Project object */;
}
