// !$*UTF8*$!
{
	archiveVersion = 1;
	classes = {
	};
	objectVersion = 46;
	objects = {

/* Begin PBXBuildFile section */
		A2EFE5E31C8D9D45001234D1 /* AppDelegate.swift in Sources */ = {isa = PBXBuildFile; fileRef = A2EFE5E21C8D9D45001234D1 /* AppDelegate.swift */; };
		A2EFE5E51C8D9D45001234D1 /* ViewController.swift in Sources */ = {isa = PBXBuildFile; fileRef = A2EFE5E41C8D9D45001234D1 /* ViewController.swift */; };
		A2EFE5E81C8D9D45001234D1 /* Main.storyboard in Resources */ = {isa = PBXBuildFile; fileRef = A2EFE5E61C8D9D45001234D1 /* Main.storyboard */; };
		A2EFE5EA1C8D9D45001234D1 /* Assets.xcassets in Resources */ = {isa = PBXBuildFile; fileRef = A2EFE5E91C8D9D45001234D1 /* Assets.xcassets */; };
		A2EFE5ED1C8D9D45001234D1 /* LaunchScreen.storyboard in Resources */ = {isa = PBXBuildFile; fileRef = A2EFE5EB1C8D9D45001234D1 /* LaunchScreen.storyboard */; };
		A2EFE5F81C8D9D45001234D1 /* _1_CalculatorTests.swift in Sources */ = {isa = PBXBuildFile; fileRef = A2EFE5F71C8D9D45001234D1 /* _1_CalculatorTests.swift */; };
		A2EFE6031C8D9D45001234D1 /* _1_CalculatorUITests.swift in Sources */ = {isa = PBXBuildFile; fileRef = A2EFE6021C8D9D45001234D1 /* _1_CalculatorUITests.swift */; };
/* End PBXBuildFile section */

/* Begin PBXContainerItemProxy section */
		A2EFE5F41C8D9D45001234D1 /* PBXContainerItemProxy */ = {
			isa = PBXContainerItemProxy;
			containerPortal = A2EFE5D71C8D9D45001234D1 /* Project object */;
			proxyType = 1;
			remoteGlobalIDString = A2EFE5DE1C8D9D45001234D1;
			remoteInfo = "01-Calculator";
		};
		A2EFE5FF1C8D9D45001234D1 /* PBXContainerItemProxy */ = {
			isa = PBXContainerItemProxy;
			containerPortal = A2EFE5D71C8D9D45001234D1 /* Project object */;
			proxyType = 1;
			remoteGlobalIDString = A2EFE5DE1C8D9D45001234D1;
			remoteInfo = "01-Calculator";
		};
/* End PBXContainerItemProxy section */

/* Begin PBXFileReference section */
		A2EFE5DF1C8D9D45001234D1 /* 01-Calculator.app */ = {isa = PBXFileReference; explicitFileType = wrapper.application; includeInIndex = 0; path = "01-Calculator.app"; sourceTree = BUILT_PRODUCTS_DIR; };
		A2EFE5E21C8D9D45001234D1 /* AppDelegate.swift */ = {isa = PBXFileReference; lastKnownFileType = sourcecode.swift; path = AppDelegate.swift; sourceTree = "<group>"; };
		A2EFE5E41C8D9D45001234D1 /* ViewController.swift */ = {isa = PBXFileReference; lastKnownFileType = sourcecode.swift; path = ViewController.swift; sourceTree = "<group>"; };
		A2EFE5E71C8D9D45001234D1 /* Base */ = {isa = PBXFileReference; lastKnownFileType = file.storyboard; name = Base; path = Base.lproj/Main.storyboard; sourceTree = "<group>"; };
		A2EFE5E91C8D9D45001234D1 /* Assets.xcassets */ = {isa = PBXFileReference; lastKnownFileType = folder.assetcatalog; path = Assets.xcassets; sourceTree = "<group>"; };
		A2EFE5EC1C8D9D45001234D1 /* Base */ = {isa = PBXFileReference; lastKnownFileType = file.storyboard; name = Base; path = Base.lproj/LaunchScreen.storyboard; sourceTree = "<group>"; };
		A2EFE5EE1C8D9D45001234D1 /* Info.plist */ = {isa = PBXFileReference; lastKnownFileType = text.plist.xml; path = Info.plist; sourceTree = "<group>"; };
		A2EFE5F31C8D9D45001234D1 /* 01-CalculatorTests.xctest */ = {isa = PBXFileReference; explicitFileType = wrapper.cfbundle; includeInIndex = 0; path = "01-CalculatorTests.xctest"; sourceTree = BUILT_PRODUCTS_DIR; };
		A2EFE5F71C8D9D45001234D1 /* _1_CalculatorTests.swift */ = {isa = PBXFileReference; lastKnownFileType = sourcecode.swift; path = _1_CalculatorTests.swift; sourceTree = "<group>"; };
		A2EFE5F91C8D9D45001234D1 /* Info.plist */ = {isa = PBXFileReference; lastKnownFileType = text.plist.xml; path = Info.plist; sourceTree = "<group>"; };
		A2EFE5FE1C8D9D45001234D1 /* 01-CalculatorUITests.xctest */ = {isa = PBXFileReference; explicitFileType = wrapper.cfbundle; includeInIndex = 0; path = "01-CalculatorUITests.xctest"; sourceTree = BUILT_PRODUCTS_DIR; };
		A2EFE6021C8D9D45001234D1 /* _1_CalculatorUITests.swift */ = {isa = PBXFileReference; lastKnownFileType = sourcecode.swift; path = _1_CalculatorUITests.swift; sourceTree = "<group>"; };
		A2EFE6041C8D9D45001234D1 /* Info.plist */ = {isa = PBXFileReference; lastKnownFileType = text.plist.xml; path = Info.plist; sourceTree = "<group>"; };
/* End PBXFileReference section */

/* Begin PBXFrameworksBuildPhase section */
		A2EFE5DC1C8D9D45001234D1 /* Frameworks */ = {
			isa = PBXFrameworksBuildPhase;
			buildActionMask = 2147483647;
			files = (
			);
			runOnlyForDeploymentPostprocessing = 0;
		};
		A2EFE5F01C8D9D45001234D1 /* Frameworks */ = {
			isa = PBXFrameworksBuildPhase;
			buildActionMask = 2147483647;
			files = (
			);
			runOnlyForDeploymentPostprocessing = 0;
		};
		A2EFE5FB1C8D9D45001234D1 /* Frameworks */ = {
			isa = PBXFrameworksBuildPhase;
			buildActionMask = 2147483647;
			files = (
			);
			runOnlyForDeploymentPostprocessing = 0;
		};
/* End PBXFrameworksBuildPhase section */

/* Begin PBXGroup section */
		A2EFE5D61C8D9D45001234D1 = {
			isa = PBXGroup;
			children = (
				A2EFE5E11C8D9D45001234D1 /* 01-Calculator */,
				A2EFE5F61C8D9D45001234D1 /* 01-CalculatorTests */,
				A2EFE6011C8D9D45001234D1 /* 01-CalculatorUITests */,
				A2EFE5E01C8D9D45001234D1 /* Products */,
			);
			sourceTree = "<group>";
		};
		A2EFE5E01C8D9D45001234D1 /* Products */ = {
			isa = PBXGroup;
			children = (
				A2EFE5DF1C8D9D45001234D1 /* 01-Calculator.app */,
				A2EFE5F31C8D9D45001234D1 /* 01-CalculatorTests.xctest */,
				A2EFE5FE1C8D9D45001234D1 /* 01-CalculatorUITests.xctest */,
			);
			name = Products;
			sourceTree = "<group>";
		};
		A2EFE5E11C8D9D45001234D1 /* 01-Calculator */ = {
			isa = PBXGroup;
			children = (
				A2EFE5E21C8D9D45001234D1 /* AppDelegate.swift */,
				A2EFE5E41C8D9D45001234D1 /* ViewController.swift */,
				A2EFE5E61C8D9D45001234D1 /* Main.storyboard */,
				A2EFE5E91C8D9D45001234D1 /* Assets.xcassets */,
				A2EFE5EB1C8D9D45001234D1 /* LaunchScreen.storyboard */,
				A2EFE5EE1C8D9D45001234D1 /* Info.plist */,
			);
			path = "01-Calculator";
			sourceTree = "<group>";
		};
		A2EFE5F61C8D9D45001234D1 /* 01-CalculatorTests */ = {
			isa = PBXGroup;
			children = (
				A2EFE5F71C8D9D45001234D1 /* _1_CalculatorTests.swift */,
				A2EFE5F91C8D9D45001234D1 /* Info.plist */,
			);
			path = "01-CalculatorTests";
			sourceTree = "<group>";
		};
		A2EFE6011C8D9D45001234D1 /* 01-CalculatorUITests */ = {
			isa = PBXGroup;
			children = (
				A2EFE6021C8D9D45001234D1 /* _1_CalculatorUITests.swift */,
				A2EFE6041C8D9D45001234D1 /* Info.plist */,
			);
			path = "01-CalculatorUITests";
			sourceTree = "<group>";
		};
/* End PBXGroup section */

/* Begin PBXNativeTarget section */
		A2EFE5DE1C8D9D45001234D1 /* 01-Calculator */ = {
			isa = PBXNativeTarget;
			buildConfigurationList = A2EFE6071C8D9D45001234D1 /* Build configuration list for PBXNativeTarget "01-Calculator" */;
			buildPhases = (
				A2EFE5DB1C8D9D45001234D1 /* Sources */,
				A2EFE5DC1C8D9D45001234D1 /* Frameworks */,
				A2EFE5DD1C8D9D45001234D1 /* Resources */,
			);
			buildRules = (
			);
			dependencies = (
			);
			name = "01-Calculator";
			productName = "01-Calculator";
			productReference = A2EFE5DF1C8D9D45001234D1 /* 01-Calculator.app */;
			productType = "com.apple.product-type.application";
		};
		A2EFE5F21C8D9D45001234D1 /* 01-CalculatorTests */ = {
			isa = PBXNativeTarget;
			buildConfigurationList = A2EFE60A1C8D9D45001234D1 /* Build configuration list for PBXNativeTarget "01-CalculatorTests" */;
			buildPhases = (
				A2EFE5EF1C8D9D45001234D1 /* Sources */,
				A2EFE5F01C8D9D45001234D1 /* Frameworks */,
				A2EFE5F11C8D9D45001234D1 /* Resources */,
			);
			buildRules = (
			);
			dependencies = (
				A2EFE5F51C8D9D45001234D1 /* PBXTargetDependency */,
			);
			name = "01-CalculatorTests";
			productName = "01-CalculatorTests";
			productReference = A2EFE5F31C8D9D45001234D1 /* 01-CalculatorTests.xctest */;
			productType = "com.apple.product-type.bundle.unit-test";
		};
		A2EFE5FD1C8D9D45001234D1 /* 01-CalculatorUITests */ = {
			isa = PBXNativeTarget;
			buildConfigurationList = A2EFE60D1C8D9D45001234D1 /* Build configuration list for PBXNativeTarget "01-CalculatorUITests" */;
			buildPhases = (
				A2EFE5FA1C8D9D45001234D1 /* Sources */,
				A2EFE5FB1C8D9D45001234D1 /* Frameworks */,
				A2EFE5FC1C8D9D45001234D1 /* Resources */,
			);
			buildRules = (
			);
			dependencies = (
				A2EFE6001C8D9D45001234D1 /* PBXTargetDependency */,
			);
			name = "01-CalculatorUITests";
			productName = "01-CalculatorUITests";
			productReference = A2EFE5FE1C8D9D45001234D1 /* 01-CalculatorUITests.xctest */;
			productType = "com.apple.product-type.bundle.ui-testing";
		};
/* End PBXNativeTarget section */

/* Begin PBXProject section */
		A2EFE5D71C8D9D45001234D1 /* Project object */ = {
			isa = PBXProject;
			attributes = {
				LastSwiftUpdateCheck = 0730;
				LastUpgradeCheck = 0730;
				ORGANIZATIONNAME = "___UP1___";
				TargetAttributes = {
					A2EFE5DE1C8D9D45001234D1 = {
						CreatedOnToolsVersion = 7.3;
						DevelopmentTeam = 3E58HZ3BUZ;
					};
					A2EFE5F21C8D9D45001234D1 = {
						CreatedOnToolsVersion = 7.3;
						DevelopmentTeam = 3E58HZ3BUZ;
						TestTargetID = A2EFE5DE1C8D9D45001234D1;
					};
					A2EFE5FD1C8D9D45001234D1 = {
						CreatedOnToolsVersion = 7.3;
						DevelopmentTeam = 3E58HZ3BUZ;
						TestTargetID = A2EFE5DE1C8D9D45001234D1;
					};
				};
			};
			buildConfigurationList = A2EFE5DA1C8D9D45001234D1 /* Build configuration list for PBXProject "01-Calculator" */;
			compatibilityVersion = "Xcode 3.2";
			developmentRegion = English;
			hasScannedForEncodings = 0;
			knownRegions = (
				en,
				Base,
			);
			mainGroup = A2EFE5D61C8D9D45001234D1;
			productRefGroup = A2EFE5E01C8D9D45001234D1 /* Products */;
			projectDirPath = "";
			projectRoot = "";
			targets = (
				A2EFE5DE1C8D9D45001234D1 /* 01-Calculator */,
				A2EFE5F21C8D9D45001234D1 /* 01-CalculatorTests */,
				A2EFE5FD1C8D9D45001234D1 /* 01-CalculatorUITests */,
			);
		};
/* End PBXProject section */

/* Begin PBXResourcesBuildPhase section */
		A2EFE5DD1C8D9D45001234D1 /* Resources */ = {
			isa = PBXResourcesBuildPhase;
			buildActionMask = 2147483647;
			files = (
				A2EFE5ED1C8D9D45001234D1 /* LaunchScreen.storyboard in Resources */,
				A2EFE5EA1C8D9D45001234D1 /* Assets.xcassets in Resources */,
				A2EFE5E81C8D9D45001234D1 /* Main.storyboard in Resources */,
			);
			runOnlyForDeploymentPostprocessing = 0;
		};
		A2EFE5F11C8D9D45001234D1 /* Resources */ = {
			isa = PBXResourcesBuildPhase;
			buildActionMask = 2147483647;
			files = (
			);
			runOnlyForDeploymentPostprocessing = 0;
		};
		A2EFE5FC1C8D9D45001234D1 /* Resources */ = {
			isa = PBXResourcesBuildPhase;
			buildActionMask = 2147483647;
			files = (
			);
			runOnlyForDeploymentPostprocessing = 0;
		};
/* End PBXResourcesBuildPhase section */

/* Begin PBXSourcesBuildPhase section */
		A2EFE5DB1C8D9D45001234D1 /* Sources */ = {
			isa = PBXSourcesBuildPhase;
			buildActionMask = 2147483647;
			files = (
				A2EFE5E51C8D9D45001234D1 /* ViewController.swift in Sources */,
				A2EFE5E31C8D9D45001234D1 /* AppDelegate.swift in Sources */,
			);
			runOnlyForDeploymentPostprocessing = 0;
		};
		A2EFE5EF1C8D9D45001234D1 /* Sources */ = {
			isa = PBXSourcesBuildPhase;
			buildActionMask = 2147483647;
			files = (
				A2EFE5F81C8D9D45001234D1 /* _1_CalculatorTests.swift in Sources */,
			);
			runOnlyForDeploymentPostprocessing = 0;
		};
		A2EFE5FA1C8D9D45001234D1 /* Sources */ = {
			isa = PBXSourcesBuildPhase;
			buildActionMask = 2147483647;
			files = (
				A2EFE6031C8D9D45001234D1 /* _1_CalculatorUITests.swift in Sources */,
			);
			runOnlyForDeploymentPostprocessing = 0;
		};
/* End PBXSourcesBuildPhase section */

/* Begin PBXTargetDependency section */
		A2EFE5F51C8D9D45001234D1 /* PBXTargetDependency */ = {
			isa = PBXTargetDependency;
			target = A2EFE5DE1C8D9D45001234D1 /* 01-Calculator */;
			targetProxy = A2EFE5F41C8D9D45001234D1 /* PBXContainerItemProxy */;
		};
		A2EFE6001C8D9D45001234D1 /* PBXTargetDependency */ = {
			isa = PBXTargetDependency;
			target = A2EFE5DE1C8D9D45001234D1 /* 01-Calculator */;
			targetProxy = A2EFE5FF1C8D9D45001234D1 /* PBXContainerItemProxy */;
		};
/* End PBXTargetDependency section */

/* Begin PBXVariantGroup section */
		A2EFE5E61C8D9D45001234D1 /* Main.storyboard */ = {
			isa = PBXVariantGroup;
			children = (
				A2EFE5E71C8D9D45001234D1 /* Base */,
			);
			name = Main.storyboard;
			sourceTree = "<group>";
		};
		A2EFE5EB1C8D9D45001234D1 /* LaunchScreen.storyboard */ = {
			isa = PBXVariantGroup;
			children = (
				A2EFE5EC1C8D9D45001234D1 /* Base */,
			);
			name = LaunchScreen.storyboard;
			sourceTree = "<group>";
		};
/* End PBXVariantGroup section */

/* Begin XCBuildConfiguration section */
		A2EFE6051C8D9D45001234D1 /* Debug */ = {
			isa = XCBuildConfiguration;
			buildSettings = {
				ALWAYS_SEARCH_USER_PATHS = NO;
				CLANG_ANALYZER_NONNULL = YES;
				CLANG_CXX_LANGUAGE_STANDARD = "gnu++0x";
				CLANG_CXX_LIBRARY = "libc++";
				CLANG_ENABLE_MODULES = YES;
				CLANG_ENABLE_OBJC_ARC = YES;
				CLANG_WARN_BOOL_CONVERSION = YES;
				CLANG_WARN_CONSTANT_CONVERSION = YES;
				CLANG_WARN_DIRECT_OBJC_ISA_USAGE = YES_ERROR;
				CLANG_WARN_EMPTY_BODY = YES;
				CLANG_WARN_ENUM_CONVERSION = YES;
				CLANG_WARN_INT_CONVERSION = YES;
				CLANG_WARN_OBJC_ROOT_CLASS = YES_ERROR;
				CLANG_WARN_UNREACHABLE_CODE = YES;
				CLANG_WARN__DUPLICATE_METHOD_MATCH = YES;
				"CODE_SIGN_IDENTITY[sdk=iphoneos*]" = "iPhone Developer";
				COPY_PHASE_STRIP = NO;
				DEBUG_INFORMATION_FORMAT = dwarf;
				ENABLE_STRICT_OBJC_MSGSEND = YES;
				ENABLE_TESTABILITY = YES;
				GCC_C_LANGUAGE_STANDARD = gnu99;
				GCC_DYNAMIC_NO_PIC = NO;
				GCC_NO_COMMON_BLOCKS = YES;
				GCC_OPTIMIZATION_LEVEL = 0;
				GCC_PREPROCESSOR_DEFINITIONS = (
					"DEBUG=1",
					"$(inherited)",
				);
				GCC_WARN_64_TO_32_BIT_CONVERSION = YES;
				GCC_WARN_ABOUT_RETURN_TYPE = YES_ERROR;
				GCC_WARN_UNDECLARED_SELECTOR = YES;
				GCC_WARN_UNINITIALIZED_AUTOS = YES_AGGRESSIVE;
				GCC_WARN_UNUSED_FUNCTION = YES;
				GCC_WARN_UNUSED_VARIABLE = YES;
				IPHONEOS_DEPLOYMENT_TARGET = 9.3;
				MTL_ENABLE_DEBUG_INFO = YES;
				ONLY_ACTIVE_ARCH = YES;
				SDKROOT = iphoneos;
				SWIFT_OPTIMIZATION_LEVEL = "-Onone";
				TARGETED_DEVICE_FAMILY = "1,2";
			};
			name = Debug;
		};
		A2EFE6061C8D9D45001234D1 /* Release */ = {
			isa = XCBuildConfiguration;
			buildSettings = {
				ALWAYS_SEARCH_USER_PATHS = NO;
				CLANG_ANALYZER_NONNULL = YES;
				CLANG_CXX_LANGUAGE_STANDARD = "gnu++0x";
				CLANG_CXX_LIBRARY = "libc++";
				CLANG_ENABLE_MODULES = YES;
				CLANG_ENABLE_OBJC_ARC = YES;
				CLANG_WARN_BOOL_CONVERSION = YES;
				CLANG_WARN_CONSTANT_CONVERSION = YES;
				CLANG_WARN_DIRECT_OBJC_ISA_USAGE = YES_ERROR;
				CLANG_WARN_EMPTY_BODY = YES;
				CLANG_WARN_ENUM_CONVERSION = YES;
				CLANG_WARN_INT_CONVERSION = YES;
				CLANG_WARN_OBJC_ROOT_CLASS = YES_ERROR;
				CLANG_WARN_UNREACHABLE_CODE = YES;
				CLANG_WARN__DUPLICATE_METHOD_MATCH = YES;
				"CODE_SIGN_IDENTITY[sdk=iphoneos*]" = "iPhone Developer";
				COPY_PHASE_STRIP = NO;
				DEBUG_INFORMATION_FORMAT = "dwarf-with-dsym";
				ENABLE_NS_ASSERTIONS = NO;
				ENABLE_STRICT_OBJC_MSGSEND = YES;
				GCC_C_LANGUAGE_STANDARD = gnu99;
				GCC_NO_COMMON_BLOCKS = YES;
				GCC_WARN_64_TO_32_BIT_CONVERSION = YES;
				GCC_WARN_ABOUT_RETURN_TYPE = YES_ERROR;
				GCC_WARN_UNDECLARED_SELECTOR = YES;
				GCC_WARN_UNINITIALIZED_AUTOS = YES_AGGRESSIVE;
				GCC_WARN_UNUSED_FUNCTION = YES;
				GCC_WARN_UNUSED_VARIABLE = YES;
				IPHONEOS_DEPLOYMENT_TARGET = 9.3;
				MTL_ENABLE_DEBUG_INFO = NO;
				SDKROOT = iphoneos;
				TARGETED_DEVICE_FAMILY = "1,2";
				VALIDATE_PRODUCT = YES;
			};
			name = Release;
		};
		A2EFE6081C8D9D45001234D1 /* Debug */ = {
			isa = XCBuildConfiguration;
			buildSettings = {
				ASSETCATALOG_COMPILER_APPICON_NAME = AppIcon;
				INFOPLIST_FILE = "01-Calculator/Info.plist";
				LD_RUNPATH_SEARCH_PATHS = "$(inherited) @executable_path/Frameworks";
				PRODUCT_BUNDLE_IDENTIFIER = "up1.-1-Calculator";
				PRODUCT_NAME = "$(TARGET_NAME)";
			};
			name = Debug;
		};
		A2EFE6091C8D9D45001234D1 /* Release */ = {
			isa = XCBuildConfiguration;
			buildSettings = {
				ASSETCATALOG_COMPILER_APPICON_NAME = AppIcon;
				INFOPLIST_FILE = "01-Calculator/Info.plist";
				LD_RUNPATH_SEARCH_PATHS = "$(inherited) @executable_path/Frameworks";
				PRODUCT_BUNDLE_IDENTIFIER = "up1.-1-Calculator";
				PRODUCT_NAME = "$(TARGET_NAME)";
			};
			name = Release;
		};
		A2EFE60B1C8D9D45001234D1 /* Debug */ = {
			isa = XCBuildConfiguration;
			buildSettings = {
				BUNDLE_LOADER = "$(TEST_HOST)";
				INFOPLIST_FILE = "01-CalculatorTests/Info.plist";
				LD_RUNPATH_SEARCH_PATHS = "$(inherited) @executable_path/Frameworks @loader_path/Frameworks";
				PRODUCT_BUNDLE_IDENTIFIER = "up1.-1-CalculatorTests";
				PRODUCT_NAME = "$(TARGET_NAME)";
				TEST_HOST = "$(BUILT_PRODUCTS_DIR)/01-Calculator.app/01-Calculator";
			};
			name = Debug;
		};
		A2EFE60C1C8D9D45001234D1 /* Release */ = {
			isa = XCBuildConfiguration;
			buildSettings = {
				BUNDLE_LOADER = "$(TEST_HOST)";
				INFOPLIST_FILE = "01-CalculatorTests/Info.plist";
				LD_RUNPATH_SEARCH_PATHS = "$(inherited) @executable_path/Frameworks @loader_path/Frameworks";
				PRODUCT_BUNDLE_IDENTIFIER = "up1.-1-CalculatorTests";
				PRODUCT_NAME = "$(TARGET_NAME)";
				TEST_HOST = "$(BUILT_PRODUCTS_DIR)/01-Calculator.app/01-Calculator";
			};
			name = Release;
		};
		A2EFE60E1C8D9D45001234D1 /* Debug */ = {
			isa = XCBuildConfiguration;
			buildSettings = {
				INFOPLIST_FILE = "01-CalculatorUITests/Info.plist";
				LD_RUNPATH_SEARCH_PATHS = "$(inherited) @executable_path/Frameworks @loader_path/Frameworks";
				PRODUCT_BUNDLE_IDENTIFIER = "up1.-1-CalculatorUITests";
				PRODUCT_NAME = "$(TARGET_NAME)";
				TEST_TARGET_NAME = "01-Calculator";
			};
			name = Debug;
		};
		A2EFE60F1C8D9D45001234D1 /* Release */ = {
			isa = XCBuildConfiguration;
			buildSettings = {
				INFOPLIST_FILE = "01-CalculatorUITests/Info.plist";
				LD_RUNPATH_SEARCH_PATHS = "$(inherited) @executable_path/Frameworks @loader_path/Frameworks";
				PRODUCT_BUNDLE_IDENTIFIER = "up1.-1-CalculatorUITests";
				PRODUCT_NAME = "$(TARGET_NAME)";
				TEST_TARGET_NAME = "01-Calculator";
			};
			name = Release;
		};
/* End XCBuildConfiguration section */

/* Begin XCConfigurationList section */
		A2EFE5DA1C8D9D45001234D1 /* Build configuration list for PBXProject "01-Calculator" */ = {
			isa = XCConfigurationList;
			buildConfigurations = (
				A2EFE6051C8D9D45001234D1 /* Debug */,
				A2EFE6061C8D9D45001234D1 /* Release */,
			);
			defaultConfigurationIsVisible = 0;
			defaultConfigurationName = Release;
		};
		A2EFE6071C8D9D45001234D1 /* Build configuration list for PBXNativeTarget "01-Calculator" */ = {
			isa = XCConfigurationList;
			buildConfigurations = (
				A2EFE6081C8D9D45001234D1 /* Debug */,
				A2EFE6091C8D9D45001234D1 /* Release */,
			);
			defaultConfigurationIsVisible = 0;
		};
		A2EFE60A1C8D9D45001234D1 /* Build configuration list for PBXNativeTarget "01-CalculatorTests" */ = {
			isa = XCConfigurationList;
			buildConfigurations = (
				A2EFE60B1C8D9D45001234D1 /* Debug */,
				A2EFE60C1C8D9D45001234D1 /* Release */,
			);
			defaultConfigurationIsVisible = 0;
		};
		A2EFE60D1C8D9D45001234D1 /* Build configuration list for PBXNativeTarget "01-CalculatorUITests" */ = {
			isa = XCConfigurationList;
			buildConfigurations = (
				A2EFE60E1C8D9D45001234D1 /* Debug */,
				A2EFE60F1C8D9D45001234D1 /* Release */,
			);
			defaultConfigurationIsVisible = 0;
		};
/* End XCConfigurationList section */
	};
	rootObject = A2EFE5D71C8D9D45001234D1 /* Project object */;
}
